
Microsoft Visual Studio Solution File, Format Version 12.00
# Visual Studio 2013
VisualStudioVersion = 12.0.40629.0
MinimumVisualStudioVersion = 10.0.40219.1
Project("{FAE04EC0-301F-11D3-BF4B-00C04F79EFBC}") = "HUIAdmin", "HUIAdmin\HUIAdmin.csproj", "{5DE6D2F8-DBF6-4172-AE7F-F81FA524475B}"
EndProject
Project("{FAE04EC0-301F-11D3-BF4B-00C04F79EFBC}") = "Model", "Model\Model.csproj", "{1E8269BB-1B32-4C4C-A364-79301B95E114}"
EndProject
Project("{FAE04EC0-301F-11D3-BF4B-00C04F79EFBC}") = "BLL", "BLL\BLL.csproj", "{EF63AC32-D0F9-4423-8FE4-9E19CD38C382}"
EndProject
Project("{FAE04EC0-301F-11D3-BF4B-00C04F79EFBC}") = "DAL", "DAL\DAL.csproj", "{35B6ACEA-FC36-4DBA-882C-7D0E791EFDD4}"
EndProject
Global
	GlobalSection(SolutionConfigurationPlatforms) = preSolution
		Debug|Any CPU = Debug|Any CPU
		Release|Any CPU = Release|Any CPU
	EndGlobalSection
	GlobalSection(ProjectConfigurationPlatforms) = postSolution
		{5DE6D2F8-DBF6-4172-AE7F-F81FA524475B}.Debug|Any CPU.ActiveCfg = Debug|Any CPU
		{5DE6D2F8-DBF6-4172-AE7F-F81FA524475B}.Debug|Any CPU.Build.0 = Debug|Any CPU
		{5DE6D2F8-DBF6-4172-AE7F-F81FA524475B}.Release|Any CPU.ActiveCfg = Release|Any CPU
		{5DE6D2F8-DBF6-4172-AE7F-F81FA524475B}.Release|Any CPU.Build.0 = Release|Any CPU
		{1E8269BB-1B32-4C4C-A364-79301B95E114}.Debug|Any CPU.ActiveCfg = Debug|Any CPU
		{1E8269BB-1B32-4C4C-A364-79301B95E114}.Debug|Any CPU.Build.0 = Debug|Any CPU
		{1E8269BB-1B32-4C4C-A364-79301B95E114}.Release|Any CPU.ActiveCfg = Release|Any CPU
		{1E8269BB-1B32-4C4C-A364-79301B95E114}.Release|Any CPU.Build.0 = Release|Any CPU
		{EF63AC32-D0F9-4423-8FE4-9E19CD38C382}.Debug|Any CPU.ActiveCfg = Debug|Any CPU
		{EF63AC32-D0F9-4423-8FE4-9E19CD38C382}.Debug|Any CPU.Build.0 = Debug|Any CPU
		{EF63AC32-D0F9-4423-8FE4-9E19CD38C382}.Release|Any CPU.ActiveCfg = Release|Any CPU
		{EF63AC32-D0F9-4423-8FE4-9E19CD38C382}.Release|Any CPU.Build.0 = Release|Any CPU
		{35B6ACEA-FC36-4DBA-882C-7D0E791EFDD4}.Debug|Any CPU.ActiveCfg = Debug|Any CPU
		{35B6ACEA-FC36-4DBA-882C-7D0E791EFDD4}.Debug|Any CPU.Build.0 = Debug|Any CPU
		{35B6ACEA-FC36-4DBA-882C-7D0E791EFDD4}.Release|Any CPU.ActiveCfg = Release|Any CPU
		{35B6ACEA-FC36-4DBA-882C-7D0E791EFDD4}.Release|Any CPU.Build.0 = Release|Any CPU
	EndGlobalSection
	GlobalSection(SolutionProperties) = preSolution
		HideSolutionNode = FALSE
	EndGlobalSection
EndGlobal
